
Microsoft Visual Studio Solution File, Format Version 12.00
# Visual Studio Version 16
VisualStudioVersion = 16.0.31019.35
MinimumVisualStudioVersion = 10.0.40219.1
Project("{9A19103F-16F7-4668-BE54-9A1E7A4F7556}") = "Billing.API", "Billing.API.csproj", "{B43DADF3-6AEE-4FD0-9320-14C48F500B95}"
EndProject
Project("{9A19103F-16F7-4668-BE54-9A1E7A4F7556}") = "Data", "..\Data\Data.csproj", "{7DF8FD90-F95F-4005-BF49-FC0A07731CF3}"
EndProject
Project("{9A19103F-16F7-4668-BE54-9A1E7A4F7556}") = "Bussiness", "..\Bussiness\Bussiness.csproj", "{1AB116D8-5092-4BF0-BC47-6E800A88F596}"
EndProject
Global
	GlobalSection(SolutionConfigurationPlatforms) = preSolution
		Debug|Any CPU = Debug|Any CPU
		Release|Any CPU = Release|Any CPU
	EndGlobalSection
	GlobalSection(ProjectConfigurationPlatforms) = postSolution
		{B43DADF3-6AEE-4FD0-9320-14C48F500B95}.Debug|Any CPU.ActiveCfg = Debug|Any CPU
		{B43DADF3-6AEE-4FD0-9320-14C48F500B95}.Debug|Any CPU.Build.0 = Debug|Any CPU
		{B43DADF3-6AEE-4FD0-9320-14C48F500B95}.Release|Any CPU.ActiveCfg = Release|Any CPU
		{B43DADF3-6AEE-4FD0-9320-14C48F500B95}.Release|Any CPU.Build.0 = Release|Any CPU
		{7DF8FD90-F95F-4005-BF49-FC0A07731CF3}.Debug|Any CPU.ActiveCfg = Debug|Any CPU
		{7DF8FD90-F95F-4005-BF49-FC0A07731CF3}.Debug|Any CPU.Build.0 = Debug|Any CPU
		{7DF8FD90-F95F-4005-BF49-FC0A07731CF3}.Release|Any CPU.ActiveCfg = Release|Any CPU
		{7DF8FD90-F95F-4005-BF49-FC0A07731CF3}.Release|Any CPU.Build.0 = Release|Any CPU
		{1AB116D8-5092-4BF0-BC47-6E800A88F596}.Debug|Any CPU.ActiveCfg = Debug|Any CPU
		{1AB116D8-5092-4BF0-BC47-6E800A88F596}.Debug|Any CPU.Build.0 = Debug|Any CPU
		{1AB116D8-5092-4BF0-BC47-6E800A88F596}.Release|Any CPU.ActiveCfg = Release|Any CPU
		{1AB116D8-5092-4BF0-BC47-6E800A88F596}.Release|Any CPU.Build.0 = Release|Any CPU
	EndGlobalSection
	GlobalSection(SolutionProperties) = preSolution
		HideSolutionNode = FALSE
	EndGlobalSection
	GlobalSection(ExtensibilityGlobals) = postSolution
		SolutionGuid = {F1C1C632-59B8-424E-8A7A-6416924937DE}
	EndGlobalSection
EndGlobal
